
Microsoft Visual Studio Solution File, Format Version 12.00
# Visual Studio Version 17
VisualStudioVersion = 17.8.34322.80
MinimumVisualStudioVersion = 10.0.40219.1
Project("{9A19103F-16F7-4668-BE54-9A1E7A4F7556}") = "singletone", "singletone\singletone.csproj", "{CDC76DB3-98E7-42DE-9B44-F82690A4548D}"
EndProject
Project("{9A19103F-16F7-4668-BE54-9A1E7A4F7556}") = "Eggerloading in singletone", "Eggerloading in singletone\Eggerloading in singletone.csproj", "{C544C508-AA9B-4F49-B4ED-CDFCD7763172}"
EndProject
Project("{FAE04EC0-301F-11D3-BF4B-00C04F79EFBC}") = "Factory", "Factory\Factory.csproj", "{C7EA2261-3660-4FB5-9650-81D84BE71F30}"
EndProject
Global
	GlobalSection(SolutionConfigurationPlatforms) = preSolution
		Debug|Any CPU = Debug|Any CPU
		Release|Any CPU = Release|Any CPU
	EndGlobalSection
	GlobalSection(ProjectConfigurationPlatforms) = postSolution
		{CDC76DB3-98E7-42DE-9B44-F82690A4548D}.Debug|Any CPU.ActiveCfg = Debug|Any CPU
		{CDC76DB3-98E7-42DE-9B44-F82690A4548D}.Debug|Any CPU.Build.0 = Debug|Any CPU
		{CDC76DB3-98E7-42DE-9B44-F82690A4548D}.Release|Any CPU.ActiveCfg = Release|Any CPU
		{CDC76DB3-98E7-42DE-9B44-F82690A4548D}.Release|Any CPU.Build.0 = Release|Any CPU
		{C544C508-AA9B-4F49-B4ED-CDFCD7763172}.Debug|Any CPU.ActiveCfg = Debug|Any CPU
		{C544C508-AA9B-4F49-B4ED-CDFCD7763172}.Debug|Any CPU.Build.0 = Debug|Any CPU
		{C544C508-AA9B-4F49-B4ED-CDFCD7763172}.Release|Any CPU.ActiveCfg = Release|Any CPU
		{C544C508-AA9B-4F49-B4ED-CDFCD7763172}.Release|Any CPU.Build.0 = Release|Any CPU
		{C7EA2261-3660-4FB5-9650-81D84BE71F30}.Debug|Any CPU.ActiveCfg = Debug|Any CPU
		{C7EA2261-3660-4FB5-9650-81D84BE71F30}.Debug|Any CPU.Build.0 = Debug|Any CPU
		{C7EA2261-3660-4FB5-9650-81D84BE71F30}.Release|Any CPU.ActiveCfg = Release|Any CPU
		{C7EA2261-3660-4FB5-9650-81D84BE71F30}.Release|Any CPU.Build.0 = Release|Any CPU
	EndGlobalSection
	GlobalSection(SolutionProperties) = preSolution
		HideSolutionNode = FALSE
	EndGlobalSection
	GlobalSection(ExtensibilityGlobals) = postSolution
		SolutionGuid = {40BA6309-2780-4676-B63A-3310436D8E4D}
	EndGlobalSection
EndGlobal
